{
  "name": "spa",
  "version": "1.0.0",
  "lockfileVersion": 2,
  "requires": true,
  "packages": {
    "": {
      "version": "1.0.0",
      "license": "ISC",
      "dependencies": {
        "@daleighan/vanilla-js-router": "^0.1.2"
      }
    },
    "node_modules/@daleighan/vanilla-js-router": {
      "version": "0.1.2",
      "resolved": "https://registry.npmjs.org/@daleighan/vanilla-js-router/-/vanilla-js-router-0.1.2.tgz",
      "integrity": "sha512-rXwkgltMoFdINt6tK8+RV4518e4RkIZvo6wKYif62N/20viC4bgEFMMacevQei2olaHOAPEiSGcIAFEYPQhQ6g=="
    }
  },
  "dependencies": {
    "@daleighan/vanilla-js-router": {
      "version": "0.1.2",
      "resolved": "https://registry.npmjs.org/@daleighan/vanilla-js-router/-/vanilla-js-router-0.1.2.tgz",
      "integrity": "sha512-rXwkgltMoFdINt6tK8+RV4518e4RkIZvo6wKYif62N/20viC4bgEFMMacevQei2olaHOAPEiSGcIAFEYPQhQ6g=="
    }
  }
}
