{
    "_readme": [
        "This file locks the dependencies of your project to a known state",
        "Read more about it at https://getcomposer.org/doc/01-basic-usage.md#installing-dependencies",
        "This file is @generated automatically"
    ],
    "content-hash": "e04cca7e30b8a1db38a4acf9b633de88",
    "packages": [
        {
            "name": "coffeecode/datalayer",
            "version": "1.1.8",
            "source": {
                "type": "git",
                "url": "https://github.com/robsonvleite/datalayer.git",
                "reference": "52e209190752eccc0bfd8ff3abcdd607ed4c01c1"
            },
            "dist": {
                "type": "zip",
                "url": "https://api.github.com/repos/robsonvleite/datalayer/zipball/52e209190752eccc0bfd8ff3abcdd607ed4c01c1",
                "reference": "52e209190752eccc0bfd8ff3abcdd607ed4c01c1",
                "shasum": ""
            },
            "require": {
                "ext-pdo": "*",
                "php": ">=7.2"
            },
            "type": "library",
            "autoload": {
                "psr-4": {
                    "CoffeeCode\\DataLayer\\": "src"
                }
            },
            "notification-url": "https://packagist.org/downloads/",
            "license": [
                "MIT"
            ],
            "authors": [
                {
                    "name": "Robson V. Leite",
                    "email": "cursos@upinside.com.br",
                    "role": "Developer"
                }
            ],
            "description": "The data layer is a persistent abstraction component of your database that PDO",
            "homepage": "http://www.upinside.com.br",
            "keywords": [
                "Coffeecode",
                "crud",
                "database",
                "delete",
                "destroy",
                "pdo",
                "save",
                "upinside"
            ],
            "support": {
                "issues": "https://github.com/robsonvleite/datalayer/issues",
                "source": "https://github.com/robsonvleite/datalayer/tree/1.1.8"
            },
            "time": "2021-03-21T14:00:57+00:00"
        },
        {
            "name": "coffeecode/router",
            "version": "1.0.8",
            "source": {
                "type": "git",
                "url": "https://github.com/robsonvleite/router.git",
                "reference": "29f73e12351a116e9bbb3f695595777a09e18077"
            },
            "dist": {
                "type": "zip",
                "url": "https://api.github.com/repos/robsonvleite/router/zipball/29f73e12351a116e9bbb3f695595777a09e18077",
                "reference": "29f73e12351a116e9bbb3f695595777a09e18077",
                "shasum": ""
            },
            "require": {
                "php": ">=7.2"
            },
            "type": "library",
            "autoload": {
                "psr-4": {
                    "CoffeeCode\\Router\\": "src"
                }
            },
            "notification-url": "https://packagist.org/downloads/",
            "license": [
                "MIT"
            ],
            "authors": [
                {
                    "name": "Robson V. Leite",
                    "email": "cursos@upinside.com.br",
                    "role": "Developer"
                }
            ],
            "description": "A classic CoffeeCode Router is easy, fast and extremely uncomplicated. Create and manage your routes in minutes!",
            "homepage": "http://www.upinside.com.br",
            "keywords": [
                "Coffeecode",
                "route",
                "router",
                "routes",
                "upinside"
            ],
            "support": {
                "issues": "https://github.com/robsonvleite/router/issues",
                "source": "https://github.com/robsonvleite/router/tree/1.0.8"
            },
            "time": "2021-03-21T18:45:16+00:00"
        }
    ],
    "packages-dev": [],
    "aliases": [],
    "minimum-stability": "stable",
    "stability-flags": [],
    "prefer-stable": false,
    "prefer-lowest": false,
    "platform": [],
    "platform-dev": [],
    "plugin-api-version": "2.0.0"
}
